{
    "_readme": [
        "This file locks the dependencies of your project to a known state",
        "Read more about it at https://getcomposer.org/doc/01-basic-usage.md#installing-dependencies",
        "This file is @generated automatically"
    ],
    "content-hash": "33d1dcec3ddf52abfe0b24ab3fef8a27",
    "packages": [
        {
            "name": "ajgl/breakpoint-twig-extension",
            "version": "0.3.4",
            "source": {
                "type": "git",
                "url": "https://github.com/ajgarlag/AjglBreakpointTwigExtension.git",
                "reference": "13ee39406dc3d959c5704b462a3dbc3cbf088f16"
            },
            "dist": {
                "type": "zip",
                "url": "https://api.github.com/repos/ajgarlag/AjglBreakpointTwigExtension/zipball/13ee39406dc3d959c5704b462a3dbc3cbf088f16",
                "reference": "13ee39406dc3d959c5704b462a3dbc3cbf088f16",
                "shasum": ""
            },
            "require": {
                "php": ">=5.6",
                "twig/twig": "^1.14|^2.0"
            },
            "require-dev": {
                "symfony/framework-bundle": "^2.7|^3.2|^4.1",
                "symfony/phpunit-bridge": "^3.4|^4.1",
                "symfony/twig-bundle": "^2.7|^3.2|^4.1"
            },
            "suggest": {
                "ext-xdebug": "The Xdebug extension is required for the breakpoint to work",
                "symfony/framework-bundle": "The framework bundle to integrate the extension into Symfony",
                "symfony/twig-bundle": "The twig bundle to integrate the extension into Symfony"
            },
            "type": "library",
            "extra": {
                "branch-alias": {
                    "dev-master": "0.3.x-dev"
                }
            },
            "autoload": {
                "psr-4": {
                    "Ajgl\\Twig\\Extension\\": "src/"
                }
            },
            "notification-url": "https://packagist.org/downloads/",
            "license": [
                "MIT"
            ],
            "authors": [
                {
                    "name": "Antonio J. García Lagar",
                    "email": "aj@garcialagar.es",
                    "homepage": "http://aj.garcialagar.es",
                    "role": "developer"
                }
            ],
            "description": "Twig extension to set breakpoints",
            "homepage": "https://github.com/ajgarlag/AjglBreakpointTwigExtension",
            "keywords": [
                "Xdebug",
                "breakpoint",
                "twig"
            ],
            "time": "2019-04-10T11:41:26+00:00"
        },
        {
            "name": "altorouter/altorouter",
            "version": "v1.2.0",
            "source": {
                "type": "git",
                "url": "https://github.com/dannyvankooten/AltoRouter.git",
                "reference": "39c50092470128c12284d332bb57f306bb5b58e4"
            },
            "dist": {
                "type": "zip",
                "url": "https://api.github.com/repos/dannyvankooten/AltoRouter/zipball/39c50092470128c12284d332bb57f306bb5b58e4",
                "reference": "39c50092470128c12284d332bb57f306bb5b58e4",
                "shasum": ""
            },
            "require": {
                "php": ">=5.3.0"
            },
            "require-dev": {
                "codeclimate/php-test-reporter": "dev-master",
                "phpunit/phpunit": "4.5.*"
            },
            "type": "library",
            "autoload": {
                "classmap": [
                    "AltoRouter.php"
                ]
            },
            "notification-url": "https://packagist.org/downloads/",
            "license": [
                "MIT"
            ],
            "authors": [
                {
                    "name": "Danny van Kooten",
                    "email": "dannyvankooten@gmail.com",
                    "homepage": "http://dannyvankooten.com/"
                },
                {
                    "name": "Koen Punt",
                    "homepage": "https://github.com/koenpunt"
                },
                {
                    "name": "niahoo",
                    "homepage": "https://github.com/niahoo"
                }
            ],
            "description": "A lightning fast router for PHP",
            "homepage": "https://github.com/dannyvankooten/AltoRouter",
            "keywords": [
                "lightweight",
                "router",
                "routing"
            ],
            "time": "2015-11-30T00:47:43+00:00"
        },
        {
            "name": "asm89/twig-cache-extension",
            "version": "1.4.0",
            "source": {
                "type": "git",
                "url": "https://github.com/asm89/twig-cache-extension.git",
                "reference": "13787226956ec766f4770722082288097aebaaf3"
            },
            "dist": {
                "type": "zip",
                "url": "https://api.github.com/repos/asm89/twig-cache-extension/zipball/13787226956ec766f4770722082288097aebaaf3",
                "reference": "13787226956ec766f4770722082288097aebaaf3",
                "shasum": ""
            },
            "require": {
                "php": ">=5.3.2",
                "twig/twig": "^1.0|^2.0"
            },
            "require-dev": {
                "doctrine/cache": "~1.0",
                "phpunit/phpunit": "^5.0 || ^4.8.10"
            },
            "suggest": {
                "psr/cache-implementation": "To make use of PSR-6 cache implementation via PsrCacheAdapter."
            },
            "type": "library",
            "extra": {
                "branch-alias": {
                    "dev-master": "1.4-dev"
                }
            },
            "autoload": {
                "psr-4": {
                    "": "lib/"
                }
            },
            "notification-url": "https://packagist.org/downloads/",
            "license": [
                "MIT"
            ],
            "authors": [
                {
                    "name": "Alexander",
                    "email": "iam.asm89@gmail.com"
                }
            ],
            "description": "Cache fragments of templates directly within Twig.",
            "homepage": "https://github.com/asm89/twig-cache-extension",
            "keywords": [
                "cache",
                "extension",
                "twig"
            ],
            "time": "2020-01-01T20:47:37+00:00"
        },
        {
            "name": "composer/installers",
            "version": "v1.9.0",
            "source": {
                "type": "git",
                "url": "https://github.com/composer/installers.git",
                "reference": "b93bcf0fa1fccb0b7d176b0967d969691cd74cca"
            },
            "dist": {
                "type": "zip",
                "url": "https://api.github.com/repos/composer/installers/zipball/b93bcf0fa1fccb0b7d176b0967d969691cd74cca",
                "reference": "b93bcf0fa1fccb0b7d176b0967d969691cd74cca",
                "shasum": ""
            },
            "require": {
                "composer-plugin-api": "^1.0 || ^2.0"
            },
            "replace": {
                "roundcube/plugin-installer": "*",
                "shama/baton": "*"
            },
            "require-dev": {
                "composer/composer": "1.6.* || 2.0.*@dev",
                "composer/semver": "1.0.* || 2.0.*@dev",
                "phpunit/phpunit": "^4.8.36",
                "sebastian/comparator": "^1.2.4",
                "symfony/process": "^2.3"
            },
            "type": "composer-plugin",
            "extra": {
                "class": "Composer\\Installers\\Plugin",
                "branch-alias": {
                    "dev-master": "1.0-dev"
                }
            },
            "autoload": {
                "psr-4": {
                    "Composer\\Installers\\": "src/Composer/Installers"
                }
            },
            "notification-url": "https://packagist.org/downloads/",
            "license": [
                "MIT"
            ],
            "authors": [
                {
                    "name": "Kyle Robinson Young",
                    "email": "kyle@dontkry.com",
                    "homepage": "https://github.com/shama"
                }
            ],
            "description": "A multi-framework Composer library installer",
            "homepage": "https://composer.github.io/installers/",
            "keywords": [
                "Craft",
                "Dolibarr",
                "Eliasis",
                "Hurad",
                "ImageCMS",
                "Kanboard",
                "Lan Management System",
                "MODX Evo",
                "MantisBT",
                "Mautic",
                "Maya",
                "OXID",
                "Plentymarkets",
                "Porto",
                "RadPHP",
                "SMF",
                "Thelia",
                "Whmcs",
                "WolfCMS",
                "agl",
                "aimeos",
                "annotatecms",
                "attogram",
                "bitrix",
                "cakephp",
                "chef",
                "cockpit",
                "codeigniter",
                "concrete5",
                "croogo",
                "dokuwiki",
                "drupal",
                "eZ Platform",
                "elgg",
                "expressionengine",
                "fuelphp",
                "grav",
                "installer",
                "itop",
                "joomla",
                "known",
                "kohana",
                "laravel",
                "lavalite",
                "lithium",
                "magento",
                "majima",
                "mako",
                "mediawiki",
                "modulework",
                "modx",
                "moodle",
                "osclass",
                "phpbb",
                "piwik",
                "ppi",
                "puppet",
                "pxcms",
                "reindex",
                "roundcube",
                "shopware",
                "silverstripe",
                "sydes",
                "sylius",
                "symfony",
                "typo3",
                "wordpress",
                "yawik",
                "zend",
                "zikula"
            ],
            "time": "2020-04-07T06:57:05+00:00"
        },
        {
            "name": "djboris88/timber-debugger",
            "version": "1.1.0",
            "source": {
                "type": "git",
                "url": "https://github.com/djboris88/timber-debugger.git",
                "reference": "39698bcedb40f5953e94ec4284e6fe42206e499e"
            },
            "dist": {
                "type": "zip",
                "url": "https://api.github.com/repos/djboris88/timber-debugger/zipball/39698bcedb40f5953e94ec4284e6fe42206e499e",
                "reference": "39698bcedb40f5953e94ec4284e6fe42206e499e",
                "shasum": ""
            },
            "require": {
                "ajgl/breakpoint-twig-extension": "^0.3.4",
                "djboris88/twig-commented-include": "^1.2",
                "hellonico/twig-dump-extension": "^1.0",
                "php": ">=5.6"
            },
            "type": "library",
            "autoload": {
                "psr-4": {
                    "Djboris88\\Timber\\": "src/"
                },
                "files": [
                    "functions.php"
                ]
            },
            "notification-url": "https://packagist.org/downloads/",
            "license": [
                "GPL-3.0"
            ],
            "authors": [
                {
                    "name": "Boris Đemrovski",
                    "email": "djboris88@gmail.com",
                    "role": "developer"
                }
            ],
            "description": "Composer package which provides some extra debugging options for Timber",
            "homepage": "https://github.com/djboris88/timber-include-comments",
            "keywords": [
                "debug",
                "timber",
                "twig"
            ],
            "time": "2019-12-11T09:07:04+00:00"
        },
        {
            "name": "djboris88/twig-commented-include",
            "version": "1.2.0",
            "source": {
                "type": "git",
                "url": "https://github.com/djboris88/twig-commented-include.git",
                "reference": "a78dcf60100165f0a07c76e97739d744aca9d9db"
            },
            "dist": {
                "type": "zip",
                "url": "https://api.github.com/repos/djboris88/twig-commented-include/zipball/a78dcf60100165f0a07c76e97739d744aca9d9db",
                "reference": "a78dcf60100165f0a07c76e97739d744aca9d9db",
                "shasum": ""
            },
            "require": {
                "php": ">=5.6",
                "twig/twig": "^1.14|^2.0|^3.0"
            },
            "require-dev": {
                "symfony/framework-bundle": "^2.7|^3.2",
                "symfony/twig-bundle": "^2.7|^3.2"
            },
            "suggest": {
                "symfony/framework-bundle": "The framework bundle to integrate the extension into Symfony",
                "symfony/twig-bundle": "The twig bundle to integrate the extension into Symfony"
            },
            "type": "library",
            "autoload": {
                "psr-4": {
                    "Djboris88\\Twig\\": "src/"
                }
            },
            "notification-url": "https://packagist.org/downloads/",
            "license": [
                "GPL-3.0"
            ],
            "authors": [
                {
                    "name": "Boris Đemrovski",
                    "email": "djboris88@gmail.com",
                    "role": "developer"
                }
            ],
            "description": "Twig extension which outputs HTML comments before and after the `include` tag",
            "homepage": "https://github.com/djboris88/twig-include-comments",
            "keywords": [
                "comments",
                "debug",
                "html",
                "twig"
            ],
            "time": "2019-12-11T09:04:24+00:00"
        },
        {
            "name": "hellonico/twig-dump-extension",
            "version": "1.1.0",
            "source": {
                "type": "git",
                "url": "https://github.com/nlemoine/twig-dump-extension.git",
                "reference": "a162573838ce18e7948b92a6eac74ff9db610639"
            },
            "dist": {
                "type": "zip",
                "url": "https://api.github.com/repos/nlemoine/twig-dump-extension/zipball/a162573838ce18e7948b92a6eac74ff9db610639",
                "reference": "a162573838ce18e7948b92a6eac74ff9db610639",
                "shasum": ""
            },
            "require": {
                "symfony/var-dumper": "^4.2 || ^5.0",
                "twig/twig": "^2.4 || ^3.0"
            },
            "type": "library",
            "autoload": {
                "psr-4": {
                    "HelloNico\\Twig\\": "src/"
                }
            },
            "notification-url": "https://packagist.org/downloads/",
            "license": [
                "GPL-3.0+"
            ],
            "authors": [
                {
                    "name": "Nicolas Lemoine",
                    "email": "dev@helloni.co",
                    "homepage": "https://github.com/nlemoine"
                }
            ],
            "description": "VarDumper Twig extension",
            "homepage": "https://github.com/nlemoine/twig-dump-extension",
            "time": "2020-03-06T15:18:29+00:00"
        },
        {
            "name": "symfony/asset",
            "version": "v4.4.8",
            "source": {
                "type": "git",
                "url": "https://github.com/symfony/asset.git",
                "reference": "fc8eff5841b549fbd66f89e1fd7cfb6a823ee512"
            },
            "dist": {
                "type": "zip",
                "url": "https://api.github.com/repos/symfony/asset/zipball/fc8eff5841b549fbd66f89e1fd7cfb6a823ee512",
                "reference": "fc8eff5841b549fbd66f89e1fd7cfb6a823ee512",
                "shasum": ""
            },
            "require": {
                "php": "^7.1.3"
            },
            "require-dev": {
                "symfony/http-foundation": "^3.4|^4.0|^5.0",
                "symfony/http-kernel": "^3.4|^4.0|^5.0"
            },
            "suggest": {
                "symfony/http-foundation": ""
            },
            "type": "library",
            "extra": {
                "branch-alias": {
                    "dev-master": "4.4-dev"
                }
            },
            "autoload": {
                "psr-4": {
                    "Symfony\\Component\\Asset\\": ""
                },
                "exclude-from-classmap": [
                    "/Tests/"
                ]
            },
            "notification-url": "https://packagist.org/downloads/",
            "license": [
                "MIT"
            ],
            "authors": [
                {
                    "name": "Fabien Potencier",
                    "email": "fabien@symfony.com"
                },
                {
                    "name": "Symfony Community",
                    "homepage": "https://symfony.com/contributors"
                }
            ],
            "description": "Symfony Asset Component",
            "homepage": "https://symfony.com",
            "time": "2020-04-12T14:39:55+00:00"
        },
        {
            "name": "symfony/polyfill-ctype",
            "version": "v1.17.0",
            "source": {
                "type": "git",
                "url": "https://github.com/symfony/polyfill-ctype.git",
                "reference": "e94c8b1bbe2bc77507a1056cdb06451c75b427f9"
            },
            "dist": {
                "type": "zip",
                "url": "https://api.github.com/repos/symfony/polyfill-ctype/zipball/e94c8b1bbe2bc77507a1056cdb06451c75b427f9",
                "reference": "e94c8b1bbe2bc77507a1056cdb06451c75b427f9",
                "shasum": ""
            },
            "require": {
                "php": ">=5.3.3"
            },
            "suggest": {
                "ext-ctype": "For best performance"
            },
            "type": "library",
            "extra": {
                "branch-alias": {
                    "dev-master": "1.17-dev"
                }
            },
            "autoload": {
                "psr-4": {
                    "Symfony\\Polyfill\\Ctype\\": ""
                },
                "files": [
                    "bootstrap.php"
                ]
            },
            "notification-url": "https://packagist.org/downloads/",
            "license": [
                "MIT"
            ],
            "authors": [
                {
                    "name": "Gert de Pagter",
                    "email": "BackEndTea@gmail.com"
                },
                {
                    "name": "Symfony Community",
                    "homepage": "https://symfony.com/contributors"
                }
            ],
            "description": "Symfony polyfill for ctype functions",
            "homepage": "https://symfony.com",
            "keywords": [
                "compatibility",
                "ctype",
                "polyfill",
                "portable"
            ],
            "time": "2020-05-12T16:14:59+00:00"
        },
        {
            "name": "symfony/polyfill-mbstring",
            "version": "v1.17.0",
            "source": {
                "type": "git",
                "url": "https://github.com/symfony/polyfill-mbstring.git",
                "reference": "fa79b11539418b02fc5e1897267673ba2c19419c"
            },
            "dist": {
                "type": "zip",
                "url": "https://api.github.com/repos/symfony/polyfill-mbstring/zipball/fa79b11539418b02fc5e1897267673ba2c19419c",
                "reference": "fa79b11539418b02fc5e1897267673ba2c19419c",
                "shasum": ""
            },
            "require": {
                "php": ">=5.3.3"
            },
            "suggest": {
                "ext-mbstring": "For best performance"
            },
            "type": "library",
            "extra": {
                "branch-alias": {
                    "dev-master": "1.17-dev"
                }
            },
            "autoload": {
                "psr-4": {
                    "Symfony\\Polyfill\\Mbstring\\": ""
                },
                "files": [
                    "bootstrap.php"
                ]
            },
            "notification-url": "https://packagist.org/downloads/",
            "license": [
                "MIT"
            ],
            "authors": [
                {
                    "name": "Nicolas Grekas",
                    "email": "p@tchwork.com"
                },
                {
                    "name": "Symfony Community",
                    "homepage": "https://symfony.com/contributors"
                }
            ],
            "description": "Symfony polyfill for the Mbstring extension",
            "homepage": "https://symfony.com",
            "keywords": [
                "compatibility",
                "mbstring",
                "polyfill",
                "portable",
                "shim"
            ],
            "time": "2020-05-12T16:47:27+00:00"
        },
        {
            "name": "symfony/polyfill-php72",
            "version": "v1.17.0",
            "source": {
                "type": "git",
                "url": "https://github.com/symfony/polyfill-php72.git",
                "reference": "f048e612a3905f34931127360bdd2def19a5e582"
            },
            "dist": {
                "type": "zip",
                "url": "https://api.github.com/repos/symfony/polyfill-php72/zipball/f048e612a3905f34931127360bdd2def19a5e582",
                "reference": "f048e612a3905f34931127360bdd2def19a5e582",
                "shasum": ""
            },
            "require": {
                "php": ">=5.3.3"
            },
            "type": "library",
            "extra": {
                "branch-alias": {
                    "dev-master": "1.17-dev"
                }
            },
            "autoload": {
                "psr-4": {
                    "Symfony\\Polyfill\\Php72\\": ""
                },
                "files": [
                    "bootstrap.php"
                ]
            },
            "notification-url": "https://packagist.org/downloads/",
            "license": [
                "MIT"
            ],
            "authors": [
                {
                    "name": "Nicolas Grekas",
                    "email": "p@tchwork.com"
                },
                {
                    "name": "Symfony Community",
                    "homepage": "https://symfony.com/contributors"
                }
            ],
            "description": "Symfony polyfill backporting some PHP 7.2+ features to lower PHP versions",
            "homepage": "https://symfony.com",
            "keywords": [
                "compatibility",
                "polyfill",
                "portable",
                "shim"
            ],
            "time": "2020-05-12T16:47:27+00:00"
        },
        {
            "name": "symfony/var-dumper",
            "version": "v4.4.8",
            "source": {
                "type": "git",
                "url": "https://github.com/symfony/var-dumper.git",
                "reference": "c587e04ce5d1aa62d534a038f574d9a709e814cf"
            },
            "dist": {
                "type": "zip",
                "url": "https://api.github.com/repos/symfony/var-dumper/zipball/c587e04ce5d1aa62d534a038f574d9a709e814cf",
                "reference": "c587e04ce5d1aa62d534a038f574d9a709e814cf",
                "shasum": ""
            },
            "require": {
                "php": "^7.1.3",
                "symfony/polyfill-mbstring": "~1.0",
                "symfony/polyfill-php72": "~1.5"
            },
            "conflict": {
                "phpunit/phpunit": "<4.8.35|<5.4.3,>=5.0",
                "symfony/console": "<3.4"
            },
            "require-dev": {
                "ext-iconv": "*",
                "symfony/console": "^3.4|^4.0|^5.0",
                "symfony/process": "^4.4|^5.0",
                "twig/twig": "^1.34|^2.4|^3.0"
            },
            "suggest": {
                "ext-iconv": "To convert non-UTF-8 strings to UTF-8 (or symfony/polyfill-iconv in case ext-iconv cannot be used).",
                "ext-intl": "To show region name in time zone dump",
                "symfony/console": "To use the ServerDumpCommand and/or the bin/var-dump-server script"
            },
            "bin": [
                "Resources/bin/var-dump-server"
            ],
            "type": "library",
            "extra": {
                "branch-alias": {
                    "dev-master": "4.4-dev"
                }
            },
            "autoload": {
                "files": [
                    "Resources/functions/dump.php"
                ],
                "psr-4": {
                    "Symfony\\Component\\VarDumper\\": ""
                },
                "exclude-from-classmap": [
                    "/Tests/"
                ]
            },
            "notification-url": "https://packagist.org/downloads/",
            "license": [
                "MIT"
            ],
            "authors": [
                {
                    "name": "Nicolas Grekas",
                    "email": "p@tchwork.com"
                },
                {
                    "name": "Symfony Community",
                    "homepage": "https://symfony.com/contributors"
                }
            ],
            "description": "Symfony mechanism for exploring and dumping PHP variables",
            "homepage": "https://symfony.com",
            "keywords": [
                "debug",
                "dump"
            ],
            "time": "2020-04-12T16:14:02+00:00"
        },
        {
            "name": "timber/timber",
            "version": "1.15.2",
            "source": {
                "type": "git",
                "url": "https://github.com/timber/timber.git",
                "reference": "c0856786f5f2bb9bbcca9febc1ae8998d912734b"
            },
            "dist": {
                "type": "zip",
                "url": "https://api.github.com/repos/timber/timber/zipball/c0856786f5f2bb9bbcca9febc1ae8998d912734b",
                "reference": "c0856786f5f2bb9bbcca9febc1ae8998d912734b",
                "shasum": ""
            },
            "require": {
                "asm89/twig-cache-extension": "~1.0",
                "composer/installers": "~1.0",
                "php": ">=5.3.0|7.*",
                "twig/twig": "^1.41|^2.10",
                "upstatement/routes": "0.5"
            },
            "require-dev": {
                "dealerdirect/phpcodesniffer-composer-installer": "^0.5.0",
                "johnpbloch/wordpress": "*",
                "phpunit/phpunit": "5.7.16|6.*",
                "squizlabs/php_codesniffer": "3.*",
                "wp-coding-standards/wpcs": "^2.0",
                "wpackagist-plugin/advanced-custom-fields": "5.*",
                "wpackagist-plugin/co-authors-plus": "3.2.*"
            },
            "suggest": {
                "satooshi/php-coveralls": "1.0.* for code coverage"
            },
            "type": "library",
            "autoload": {
                "psr-4": {
                    "Timber\\": "lib/"
                }
            },
            "notification-url": "https://packagist.org/downloads/",
            "license": [
                "MIT"
            ],
            "authors": [
                {
                    "name": "Jared Novack",
                    "email": "jared@upstatement.com",
                    "homepage": "http://upstatement.com"
                },
                {
                    "name": "Connor J. Burton",
                    "email": "connorjburton@gmail.com",
                    "homepage": "http://connorburton.com"
                }
            ],
            "description": "Plugin to write WordPress themes w Object-Oriented Code and the Twig Template Engine",
            "homepage": "http://timber.upstatement.com",
            "keywords": [
                "templating",
                "themes",
                "timber",
                "twig"
            ],
            "time": "2020-03-24T17:38:21+00:00"
        },
        {
            "name": "twig/twig",
            "version": "v2.12.5",
            "source": {
                "type": "git",
                "url": "https://github.com/twigphp/Twig.git",
                "reference": "18772e0190734944277ee97a02a9a6c6555fcd94"
            },
            "dist": {
                "type": "zip",
                "url": "https://api.github.com/repos/twigphp/Twig/zipball/18772e0190734944277ee97a02a9a6c6555fcd94",
                "reference": "18772e0190734944277ee97a02a9a6c6555fcd94",
                "shasum": ""
            },
            "require": {
                "php": "^7.0",
                "symfony/polyfill-ctype": "^1.8",
                "symfony/polyfill-mbstring": "^1.3"
            },
            "require-dev": {
                "psr/container": "^1.0",
                "symfony/phpunit-bridge": "^4.4|^5.0"
            },
            "type": "library",
            "extra": {
                "branch-alias": {
                    "dev-master": "2.12-dev"
                }
            },
            "autoload": {
                "psr-0": {
                    "Twig_": "lib/"
                },
                "psr-4": {
                    "Twig\\": "src/"
                }
            },
            "notification-url": "https://packagist.org/downloads/",
            "license": [
                "BSD-3-Clause"
            ],
            "authors": [
                {
                    "name": "Fabien Potencier",
                    "email": "fabien@symfony.com",
                    "homepage": "http://fabien.potencier.org",
                    "role": "Lead Developer"
                },
                {
                    "name": "Twig Team",
                    "role": "Contributors"
                },
                {
                    "name": "Armin Ronacher",
                    "email": "armin.ronacher@active-4.com",
                    "role": "Project Founder"
                }
            ],
            "description": "Twig, the flexible, fast, and secure template language for PHP",
            "homepage": "https://twig.symfony.com",
            "keywords": [
                "templating"
            ],
            "time": "2020-02-11T15:31:23+00:00"
        },
        {
            "name": "upstatement/routes",
            "version": "0.5",
            "source": {
                "type": "git",
                "url": "https://github.com/Upstatement/routes.git",
                "reference": "3267d28be0a73f197087d58384e1a358d85671b6"
            },
            "dist": {
                "type": "zip",
                "url": "https://api.github.com/repos/Upstatement/routes/zipball/3267d28be0a73f197087d58384e1a358d85671b6",
                "reference": "3267d28be0a73f197087d58384e1a358d85671b6",
                "shasum": ""
            },
            "require": {
                "altorouter/altorouter": "^1.1.0",
                "composer/installers": "~1.0",
                "php": ">=5.3.0"
            },
            "require-dev": {
                "phpunit/phpunit": "3.7.*",
                "satooshi/php-coveralls": "dev-master",
                "wp-cli/wp-cli": "*"
            },
            "type": "library",
            "autoload": {
                "psr-0": {
                    "Routes": ""
                }
            },
            "notification-url": "https://packagist.org/downloads/",
            "license": [
                "MIT"
            ],
            "authors": [
                {
                    "name": "Jared Novack",
                    "email": "jared@upstatement.com",
                    "homepage": "http://upstatement.com"
                }
            ],
            "description": "Manage rewrites and routes in WordPress with this dead-simple plugin",
            "homepage": "http://routes.upstatement.com",
            "keywords": [
                "redirects",
                "rewrite",
                "routes",
                "routing"
            ],
            "time": "2018-12-04T01:13:41+00:00"
        }
    ],
    "packages-dev": [],
    "aliases": [],
    "minimum-stability": "stable",
    "stability-flags": [],
    "prefer-stable": false,
    "prefer-lowest": false,
    "platform": [],
    "platform-dev": []
}
